Microsoft Visual Studio Solution File, Format Version 12.00
# Visual Studio 15
VisualStudioVersion = 15.0.26403.7
MinimumVisualStudioVersion = 10.0.40219.1
Project("{FAE04EC0-301F-11D3-BF4B-00C04F79EFBC}") = "Windowmancer", "Windowmancer\Windowmancer.csproj", "{0C2EC22F-A025-4C17-8D89-6818045127DC}"
EndProject
Project("{FAE04EC0-301F-11D3-BF4B-00C04F79EFBC}") = "Windowmancer.Tests", "Windowmancer.Tests\Windowmancer.Tests.csproj", "{8E76A458-599F-4A80-8099-B6B41A641912}"
EndProject
Project("{FAE04EC0-301F-11D3-BF4B-00C04F79EFBC}") = "Windowmancer.Core", "Windowmancer.Core\Windowmancer.Core.csproj", "{D321FE4F-CACD-4E27-AEA2-D29A59B116CA}"
EndProject
Global
	GlobalSection(SolutionConfigurationPlatforms) = preSolution
		Debug|Any CPU = Debug|Any CPU
		Debug|x64 = Debug|x64
		Release|Any CPU = Release|Any CPU
		Release|x64 = Release|x64
	EndGlobalSection
	GlobalSection(ProjectConfigurationPlatforms) = postSolution
		{0C2EC22F-A025-4C17-8D89-6818045127DC}.Debug|Any CPU.ActiveCfg = Debug|Any CPU
		{0C2EC22F-A025-4C17-8D89-6818045127DC}.Debug|Any CPU.Build.0 = Debug|Any CPU
		{0C2EC22F-A025-4C17-8D89-6818045127DC}.Debug|x64.ActiveCfg = Debug|x64
		{0C2EC22F-A025-4C17-8D89-6818045127DC}.Debug|x64.Build.0 = Debug|x64
		{0C2EC22F-A025-4C17-8D89-6818045127DC}.Release|Any CPU.ActiveCfg = Release|Any CPU
		{0C2EC22F-A025-4C17-8D89-6818045127DC}.Release|Any CPU.Build.0 = Release|Any CPU
		{0C2EC22F-A025-4C17-8D89-6818045127DC}.Release|x64.ActiveCfg = Release|x64
		{0C2EC22F-A025-4C17-8D89-6818045127DC}.Release|x64.Build.0 = Release|x64
		{8E76A458-599F-4A80-8099-B6B41A641912}.Debug|Any CPU.ActiveCfg = Debug|Any CPU
		{8E76A458-599F-4A80-8099-B6B41A641912}.Debug|Any CPU.Build.0 = Debug|Any CPU
		{8E76A458-599F-4A80-8099-B6B41A641912}.Debug|x64.ActiveCfg = Debug|x64
		{8E76A458-599F-4A80-8099-B6B41A641912}.Debug|x64.Build.0 = Debug|x64
		{8E76A458-599F-4A80-8099-B6B41A641912}.Release|Any CPU.ActiveCfg = Release|Any CPU
		{8E76A458-599F-4A80-8099-B6B41A641912}.Release|Any CPU.Build.0 = Release|Any CPU
		{8E76A458-599F-4A80-8099-B6B41A641912}.Release|x64.ActiveCfg = Release|x64
		{8E76A458-599F-4A80-8099-B6B41A641912}.Release|x64.Build.0 = Release|x64
		{D321FE4F-CACD-4E27-AEA2-D29A59B116CA}.Debug|Any CPU.ActiveCfg = Debug|Any CPU
		{D321FE4F-CACD-4E27-AEA2-D29A59B116CA}.Debug|Any CPU.Build.0 = Debug|Any CPU
		{D321FE4F-CACD-4E27-AEA2-D29A59B116CA}.Debug|x64.ActiveCfg = Debug|x64
		{D321FE4F-CACD-4E27-AEA2-D29A59B116CA}.Debug|x64.Build.0 = Debug|x64
		{D321FE4F-CACD-4E27-AEA2-D29A59B116CA}.Release|Any CPU.ActiveCfg = Release|Any CPU
		{D321FE4F-CACD-4E27-AEA2-D29A59B116CA}.Release|Any CPU.Build.0 = Release|Any CPU
		{D321FE4F-CACD-4E27-AEA2-D29A59B116CA}.Release|x64.ActiveCfg = Release|x64
		{D321FE4F-CACD-4E27-AEA2-D29A59B116CA}.Release|x64.Build.0 = Release|x64
	EndGlobalSection
	GlobalSection(SolutionProperties) = preSolution
		HideSolutionNode = FALSE
	EndGlobalSection
EndGlobal
